
Microsoft Visual Studio Solution File, Format Version 12.00
# Visual Studio Version 17
VisualStudioVersion = 17.5.002.0
MinimumVisualStudioVersion = 10.0.40219.1
Project("{9A19103F-16F7-4668-BE54-9A1E7A4F7556}") = "EasyPolicheck", "EasyPolicheck.csproj", "{1E8A2BD5-0BB8-4AC2-88B0-9359475977EA}"
EndProject
Global
	GlobalSection(SolutionConfigurationPlatforms) = preSolution
		Debug|Any CPU = Debug|Any CPU
		Release|Any CPU = Release|Any CPU
	EndGlobalSection
	GlobalSection(ProjectConfigurationPlatforms) = postSolution
		{1E8A2BD5-0BB8-4AC2-88B0-9359475977EA}.Debug|Any CPU.ActiveCfg = Debug|Any CPU
		{1E8A2BD5-0BB8-4AC2-88B0-9359475977EA}.Debug|Any CPU.Build.0 = Debug|Any CPU
		{1E8A2BD5-0BB8-4AC2-88B0-9359475977EA}.Debug|Any CPU.Deploy.0 = Debug|Any CPU
		{1E8A2BD5-0BB8-4AC2-88B0-9359475977EA}.Release|Any CPU.ActiveCfg = Release|Any CPU
		{1E8A2BD5-0BB8-4AC2-88B0-9359475977EA}.Release|Any CPU.Build.0 = Release|Any CPU
		{1E8A2BD5-0BB8-4AC2-88B0-9359475977EA}.Release|Any CPU.Deploy.0 = Release|Any CPU
	EndGlobalSection
	GlobalSection(SolutionProperties) = preSolution
		HideSolutionNode = FALSE
	EndGlobalSection
	GlobalSection(ExtensibilityGlobals) = postSolution
		SolutionGuid = {E550BCBE-F00D-4F3A-9720-F1A13666F52F}
	EndGlobalSection
EndGlobal
